
Microsoft Visual Studio Solution File, Format Version 12.00
# Visual Studio Version 17
VisualStudioVersion = 17.0.31903.59
MinimumVisualStudioVersion = 10.0.40219.1
Project("{FAE04EC0-301F-11D3-BF4B-00C04F79EFBC}") = "MicroMLAst.Core", "MicroMLAst.Core\MicroMLAst.Core.csproj", "{E45DE1E9-CD23-413C-8457-AF137A5F7F23}"
EndProject
Project("{FAE04EC0-301F-11D3-BF4B-00C04F79EFBC}") = "MicroMLAst.Web", "MicroMLAst.Web\MicroMLAst.Web.csproj", "{331485A6-EC90-40D9-9DC8-6DED99F61BCF}"
EndProject
Global
	GlobalSection(SolutionConfigurationPlatforms) = preSolution
		Debug|Any CPU = Debug|Any CPU
		Release|Any CPU = Release|Any CPU
	EndGlobalSection
	GlobalSection(SolutionProperties) = preSolution
		HideSolutionNode = FALSE
	EndGlobalSection
	GlobalSection(ProjectConfigurationPlatforms) = postSolution
		{E45DE1E9-CD23-413C-8457-AF137A5F7F23}.Debug|Any CPU.ActiveCfg = Debug|Any CPU
		{E45DE1E9-CD23-413C-8457-AF137A5F7F23}.Debug|Any CPU.Build.0 = Debug|Any CPU
		{E45DE1E9-CD23-413C-8457-AF137A5F7F23}.Release|Any CPU.ActiveCfg = Release|Any CPU
		{E45DE1E9-CD23-413C-8457-AF137A5F7F23}.Release|Any CPU.Build.0 = Release|Any CPU
		{331485A6-EC90-40D9-9DC8-6DED99F61BCF}.Debug|Any CPU.ActiveCfg = Debug|Any CPU
		{331485A6-EC90-40D9-9DC8-6DED99F61BCF}.Debug|Any CPU.Build.0 = Debug|Any CPU
		{331485A6-EC90-40D9-9DC8-6DED99F61BCF}.Release|Any CPU.ActiveCfg = Release|Any CPU
		{331485A6-EC90-40D9-9DC8-6DED99F61BCF}.Release|Any CPU.Build.0 = Release|Any CPU
		{E6E0FCDA-BEAC-473D-9C97-074DB47CF05E}.Debug|Any CPU.ActiveCfg = Debug|Any CPU
		{E6E0FCDA-BEAC-473D-9C97-074DB47CF05E}.Debug|Any CPU.Build.0 = Debug|Any CPU
		{E6E0FCDA-BEAC-473D-9C97-074DB47CF05E}.Release|Any CPU.ActiveCfg = Release|Any CPU
		{E6E0FCDA-BEAC-473D-9C97-074DB47CF05E}.Release|Any CPU.Build.0 = Release|Any CPU
	EndGlobalSection
EndGlobal
